<Solution>
  <Configurations>
    <Platform Name="x64" />
  </Configurations>
  <Project Path="Array/Array.vcxproj" Id="1999efd2-5e2f-4e10-ae1f-76a4951c73a2" />
  <Project Path="Deque/Deque.vcxproj" Id="5bfe3a69-cde9-4176-a1eb-87c9e767d9be" />
  <Project Path="HashTable/HashTable.vcxproj" Id="5644cad6-81ae-4c90-ac58-58d3b95eed43" />
  <Project Path="List/List.vcxproj" Id="c7333d2d-0b74-4dab-90d7-99874681f1b5" />
  <Project Path="Queue/Queue.vcxproj" Id="5e522ed4-bd38-4b95-921e-489ad4e1956f" />
  <Project Path="QueueMaze/QueueMaze.vcxproj" Id="1d0c12ba-1f11-43e1-a7f0-85ec679df0b6" />
  <Project Path="SingleLinkedList/SingleLinkedList.vcxproj" Id="dfe04d59-7802-45b4-9fe6-bb046271f0c9" />
  <Project Path="Stack/Stack.vcxproj" Id="2bac211a-7cd5-48bb-9b1c-0216a335f5dc" />
  <Project Path="StackMaze/StackMaze.vcxproj" Id="84ea046d-6f3b-4c83-a70c-68b31692caad" />
</Solution>
